
Microsoft Visual Studio Solution File, Format Version 12.00
# Visual Studio Version 17
VisualStudioVersion = 17.13.35825.156
MinimumVisualStudioVersion = 10.0.40219.1
Project("{FAE04EC0-301F-11D3-BF4B-00C04F79EFBC}") = "Projet.BDD", "Projet.BDD\Projet.BDD.csproj", "{EFC9472D-BC10-457D-8405-3F038959671E}"
EndProject
Project("{FAE04EC0-301F-11D3-BF4B-00C04F79EFBC}") = "Projet.Business", "Projet.Business\Projet.Business.csproj", "{481076D6-6DA0-456A-BA05-B859FF20E811}"
EndProject
Project("{FAE04EC0-301F-11D3-BF4B-00C04F79EFBC}") = "Projet.Console", "Projet.Console\Projet.Console.csproj", "{6FF40CB3-FFB2-4725-A6C1-A6EBA60A5F33}"
EndProject
Project("{FAE04EC0-301F-11D3-BF4B-00C04F79EFBC}") = "Projet.API", "Projet.API\Projet.API.csproj", "{FD7459A3-B49C-4964-8852-DEB14EC2B0C4}"
EndProject
Project("{FAE04EC0-301F-11D3-BF4B-00C04F79EFBC}") = "Projet.Serveur.Controllers", "Projet.Serveur.Controllers\Projet.Serveur.Controllers.csproj", "{1E92C464-3C80-4B19-BAE2-B002C113C4A4}"
EndProject
Project("{FAE04EC0-301F-11D3-BF4B-00C04F79EFBC}") = "Projet.Serveur", "Projet.Serveur\Projet.Serveur.csproj", "{66DD3F6C-F90F-4DB5-92F2-B8E907FBD0E3}"
EndProject
Project("{FAE04EC0-301F-11D3-BF4B-00C04F79EFBC}") = "Projet.Serveur.Extract", "Projet.Serveur.Extract\Projet.Serveur.Extract.csproj", "{46538CFF-9DD7-4827-9588-A17B291EE06A}"
EndProject
Global
	GlobalSection(SolutionConfigurationPlatforms) = preSolution
		Debug|Any CPU = Debug|Any CPU
		Release|Any CPU = Release|Any CPU
	EndGlobalSection
	GlobalSection(ProjectConfigurationPlatforms) = postSolution
		{EFC9472D-BC10-457D-8405-3F038959671E}.Debug|Any CPU.ActiveCfg = Debug|Any CPU
		{EFC9472D-BC10-457D-8405-3F038959671E}.Debug|Any CPU.Build.0 = Debug|Any CPU
		{EFC9472D-BC10-457D-8405-3F038959671E}.Release|Any CPU.ActiveCfg = Release|Any CPU
		{EFC9472D-BC10-457D-8405-3F038959671E}.Release|Any CPU.Build.0 = Release|Any CPU
		{481076D6-6DA0-456A-BA05-B859FF20E811}.Debug|Any CPU.ActiveCfg = Debug|Any CPU
		{481076D6-6DA0-456A-BA05-B859FF20E811}.Debug|Any CPU.Build.0 = Debug|Any CPU
		{481076D6-6DA0-456A-BA05-B859FF20E811}.Release|Any CPU.ActiveCfg = Release|Any CPU
		{481076D6-6DA0-456A-BA05-B859FF20E811}.Release|Any CPU.Build.0 = Release|Any CPU
		{6FF40CB3-FFB2-4725-A6C1-A6EBA60A5F33}.Debug|Any CPU.ActiveCfg = Debug|Any CPU
		{6FF40CB3-FFB2-4725-A6C1-A6EBA60A5F33}.Debug|Any CPU.Build.0 = Debug|Any CPU
		{6FF40CB3-FFB2-4725-A6C1-A6EBA60A5F33}.Release|Any CPU.ActiveCfg = Release|Any CPU
		{6FF40CB3-FFB2-4725-A6C1-A6EBA60A5F33}.Release|Any CPU.Build.0 = Release|Any CPU
		{FD7459A3-B49C-4964-8852-DEB14EC2B0C4}.Debug|Any CPU.ActiveCfg = Debug|Any CPU
		{FD7459A3-B49C-4964-8852-DEB14EC2B0C4}.Debug|Any CPU.Build.0 = Debug|Any CPU
		{FD7459A3-B49C-4964-8852-DEB14EC2B0C4}.Release|Any CPU.ActiveCfg = Release|Any CPU
		{FD7459A3-B49C-4964-8852-DEB14EC2B0C4}.Release|Any CPU.Build.0 = Release|Any CPU
		{1E92C464-3C80-4B19-BAE2-B002C113C4A4}.Debug|Any CPU.ActiveCfg = Debug|Any CPU
		{1E92C464-3C80-4B19-BAE2-B002C113C4A4}.Debug|Any CPU.Build.0 = Debug|Any CPU
		{1E92C464-3C80-4B19-BAE2-B002C113C4A4}.Release|Any CPU.ActiveCfg = Release|Any CPU
		{1E92C464-3C80-4B19-BAE2-B002C113C4A4}.Release|Any CPU.Build.0 = Release|Any CPU
		{66DD3F6C-F90F-4DB5-92F2-B8E907FBD0E3}.Debug|Any CPU.ActiveCfg = Debug|Any CPU
		{66DD3F6C-F90F-4DB5-92F2-B8E907FBD0E3}.Debug|Any CPU.Build.0 = Debug|Any CPU
		{66DD3F6C-F90F-4DB5-92F2-B8E907FBD0E3}.Release|Any CPU.ActiveCfg = Release|Any CPU
		{66DD3F6C-F90F-4DB5-92F2-B8E907FBD0E3}.Release|Any CPU.Build.0 = Release|Any CPU
		{46538CFF-9DD7-4827-9588-A17B291EE06A}.Debug|Any CPU.ActiveCfg = Debug|Any CPU
		{46538CFF-9DD7-4827-9588-A17B291EE06A}.Debug|Any CPU.Build.0 = Debug|Any CPU
		{46538CFF-9DD7-4827-9588-A17B291EE06A}.Release|Any CPU.ActiveCfg = Release|Any CPU
		{46538CFF-9DD7-4827-9588-A17B291EE06A}.Release|Any CPU.Build.0 = Release|Any CPU
	EndGlobalSection
	GlobalSection(SolutionProperties) = preSolution
		HideSolutionNode = FALSE
	EndGlobalSection
	GlobalSection(ExtensibilityGlobals) = postSolution
		SolutionGuid = {5F89F418-4B7B-468C-9894-5D9127C28699}
	EndGlobalSection
EndGlobal
